
Microsoft Visual Studio Solution File, Format Version 12.00
# Visual Studio Version 17
VisualStudioVersion = 17.14.36203.30 d17.14
MinimumVisualStudioVersion = 10.0.40219.1
Project("{FAE04EC0-301F-11D3-BF4B-00C04F79EFBC}") = "API", "API\API.csproj", "{3E00F372-A692-47A1-A545-8899D25C16B7}"
EndProject
Project("{FAE04EC0-301F-11D3-BF4B-00C04F79EFBC}") = "Core", "Core\Core.csproj", "{232B75A6-6B8E-4651-8B86-9D080C56E9D6}"
EndProject
Project("{FAE04EC0-301F-11D3-BF4B-00C04F79EFBC}") = "Repository", "Repository\Repository.csproj", "{4E150FCE-4280-432B-944F-66CB6B9C6901}"
EndProject
Project("{FAE04EC0-301F-11D3-BF4B-00C04F79EFBC}") = "Services", "Services\Services.csproj", "{239AF4EF-FE06-44C9-9A16-968DFDC9B893}"
EndProject
Global
	GlobalSection(SolutionConfigurationPlatforms) = preSolution
		Debug|Any CPU = Debug|Any CPU
		Release|Any CPU = Release|Any CPU
	EndGlobalSection
	GlobalSection(ProjectConfigurationPlatforms) = postSolution
		{3E00F372-A692-47A1-A545-8899D25C16B7}.Debug|Any CPU.ActiveCfg = Debug|Any CPU
		{3E00F372-A692-47A1-A545-8899D25C16B7}.Debug|Any CPU.Build.0 = Debug|Any CPU
		{3E00F372-A692-47A1-A545-8899D25C16B7}.Release|Any CPU.ActiveCfg = Release|Any CPU
		{3E00F372-A692-47A1-A545-8899D25C16B7}.Release|Any CPU.Build.0 = Release|Any CPU
		{232B75A6-6B8E-4651-8B86-9D080C56E9D6}.Debug|Any CPU.ActiveCfg = Debug|Any CPU
		{232B75A6-6B8E-4651-8B86-9D080C56E9D6}.Debug|Any CPU.Build.0 = Debug|Any CPU
		{232B75A6-6B8E-4651-8B86-9D080C56E9D6}.Release|Any CPU.ActiveCfg = Release|Any CPU
		{232B75A6-6B8E-4651-8B86-9D080C56E9D6}.Release|Any CPU.Build.0 = Release|Any CPU
		{4E150FCE-4280-432B-944F-66CB6B9C6901}.Debug|Any CPU.ActiveCfg = Debug|Any CPU
		{4E150FCE-4280-432B-944F-66CB6B9C6901}.Debug|Any CPU.Build.0 = Debug|Any CPU
		{4E150FCE-4280-432B-944F-66CB6B9C6901}.Release|Any CPU.ActiveCfg = Release|Any CPU
		{4E150FCE-4280-432B-944F-66CB6B9C6901}.Release|Any CPU.Build.0 = Release|Any CPU
		{239AF4EF-FE06-44C9-9A16-968DFDC9B893}.Debug|Any CPU.ActiveCfg = Debug|Any CPU
		{239AF4EF-FE06-44C9-9A16-968DFDC9B893}.Debug|Any CPU.Build.0 = Debug|Any CPU
		{239AF4EF-FE06-44C9-9A16-968DFDC9B893}.Release|Any CPU.ActiveCfg = Release|Any CPU
		{239AF4EF-FE06-44C9-9A16-968DFDC9B893}.Release|Any CPU.Build.0 = Release|Any CPU
	EndGlobalSection
	GlobalSection(SolutionProperties) = preSolution
		HideSolutionNode = FALSE
	EndGlobalSection
	GlobalSection(ExtensibilityGlobals) = postSolution
		SolutionGuid = {9C174FED-266E-4231-94C2-21AAA81B3BD8}
	EndGlobalSection
EndGlobal
